
Microsoft Visual Studio Solution File, Format Version 12.00
# Visual Studio Version 17
VisualStudioVersion = 17.14.37027.9 d17.14
MinimumVisualStudioVersion = 10.0.40219.1
Project("{FAE04EC0-301F-11D3-BF4B-00C04F79EFBC}") = "backend", "backend\backend.csproj", "{ADF0340D-8FEA-477D-8A01-0BA5F191051E}"
EndProject
Global
	GlobalSection(SolutionConfigurationPlatforms) = preSolution
		Debug|Any CPU = Debug|Any CPU
		Release|Any CPU = Release|Any CPU
	EndGlobalSection
	GlobalSection(ProjectConfigurationPlatforms) = postSolution
		{ADF0340D-8FEA-477D-8A01-0BA5F191051E}.Debug|Any CPU.ActiveCfg = Debug|Any CPU
		{ADF0340D-8FEA-477D-8A01-0BA5F191051E}.Debug|Any CPU.Build.0 = Debug|Any CPU
		{ADF0340D-8FEA-477D-8A01-0BA5F191051E}.Release|Any CPU.ActiveCfg = Release|Any CPU
		{ADF0340D-8FEA-477D-8A01-0BA5F191051E}.Release|Any CPU.Build.0 = Release|Any CPU
	EndGlobalSection
	GlobalSection(SolutionProperties) = preSolution
		HideSolutionNode = FALSE
	EndGlobalSection
	GlobalSection(ExtensibilityGlobals) = postSolution
		SolutionGuid = {2F04C0B8-CFED-4A5F-BD7B-6A677CACE0C2}
	EndGlobalSection
EndGlobal
